
Microsoft Visual Studio Solution File, Format Version 12.00
# Visual Studio Version 16
VisualStudioVersion = 16.0.30621.155
MinimumVisualStudioVersion = 10.0.40219.1
Project("{FAE04EC0-301F-11D3-BF4B-00C04F79EFBC}") = "DynamixTools", "DynamixTools\DynamixTools.csproj", "{3BC5DD44-0397-4392-81F1-58C7FB053EFA}"
EndProject
Project("{FAE04EC0-301F-11D3-BF4B-00C04F79EFBC}") = "CrmHelper", "CrmHelper\CrmHelper.csproj", "{05C8EFBD-6D04-46D8-AF83-847EDE185440}"
EndProject
Global
	GlobalSection(SolutionConfigurationPlatforms) = preSolution
		Debug|Any CPU = Debug|Any CPU
		Release|Any CPU = Release|Any CPU
	EndGlobalSection
	GlobalSection(ProjectConfigurationPlatforms) = postSolution
		{3BC5DD44-0397-4392-81F1-58C7FB053EFA}.Debug|Any CPU.ActiveCfg = Debug|Any CPU
		{3BC5DD44-0397-4392-81F1-58C7FB053EFA}.Debug|Any CPU.Build.0 = Debug|Any CPU
		{3BC5DD44-0397-4392-81F1-58C7FB053EFA}.Release|Any CPU.ActiveCfg = Release|Any CPU
		{3BC5DD44-0397-4392-81F1-58C7FB053EFA}.Release|Any CPU.Build.0 = Release|Any CPU
		{05C8EFBD-6D04-46D8-AF83-847EDE185440}.Debug|Any CPU.ActiveCfg = Debug|Any CPU
		{05C8EFBD-6D04-46D8-AF83-847EDE185440}.Debug|Any CPU.Build.0 = Debug|Any CPU
		{05C8EFBD-6D04-46D8-AF83-847EDE185440}.Release|Any CPU.ActiveCfg = Release|Any CPU
		{05C8EFBD-6D04-46D8-AF83-847EDE185440}.Release|Any CPU.Build.0 = Release|Any CPU
	EndGlobalSection
	GlobalSection(SolutionProperties) = preSolution
		HideSolutionNode = FALSE
	EndGlobalSection
	GlobalSection(ExtensibilityGlobals) = postSolution
		SolutionGuid = {22314F05-781E-4A12-9933-15D00C3C1A65}
	EndGlobalSection
EndGlobal
